# THIS IS AN AUTOGENERATED FILE. DO NOT EDIT THIS FILE DIRECTLY.
# yarn lockfile v1


"@openzeppelin/contracts@^4.8.1":
  version "4.8.2"
  resolved "https://registry.yarnpkg.com/@openzeppelin/contracts/-/contracts-4.8.2.tgz#d815ade0027b50beb9bcca67143c6bcc3e3923d6"
  integrity sha512-kEUOgPQszC0fSYWpbh2kT94ltOJwj1qfT2DWo+zVttmGmf97JZ99LspePNaeeaLhCImaHVeBbjaQFZQn7+Zc5g==

forge-std@^1.1.2:
  version "1.1.2"
  resolved "https://registry.yarnpkg.com/forge-std/-/forge-std-1.1.2.tgz#f4a0eda103538d56f9c563f3cd1fa2fd01bd9378"
  integrity sha512-Wfb0iAS9PcfjMKtGpWQw9mXzJxrWD62kJCUqqLcyuI0+VRtJ3j20XembjF3kS20qELYdXft1vD/SPFVWVKMFOw==
